
Microsoft Visual Studio Solution File, Format Version 12.00
# Visual Studio Version 16
VisualStudioVersion = 16.0.29905.134
MinimumVisualStudioVersion = 10.0.40219.1
Project("{FAE04EC0-301F-11D3-BF4B-00C04F79EFBC}") = "courseProject.Model", "courseProject.Model.csproj", "{A8E10FF9-6457-4A8D-856B-50181A53FB4F}"
EndProject
Global
	GlobalSection(SolutionConfigurationPlatforms) = preSolution
		Debug|Any CPU = Debug|Any CPU
		Release|Any CPU = Release|Any CPU
	EndGlobalSection
	GlobalSection(ProjectConfigurationPlatforms) = postSolution
		{A8E10FF9-6457-4A8D-856B-50181A53FB4F}.Debug|Any CPU.ActiveCfg = Debug|Any CPU
		{A8E10FF9-6457-4A8D-856B-50181A53FB4F}.Debug|Any CPU.Build.0 = Debug|Any CPU
		{A8E10FF9-6457-4A8D-856B-50181A53FB4F}.Release|Any CPU.ActiveCfg = Release|Any CPU
		{A8E10FF9-6457-4A8D-856B-50181A53FB4F}.Release|Any CPU.Build.0 = Release|Any CPU
	EndGlobalSection
	GlobalSection(SolutionProperties) = preSolution
		HideSolutionNode = FALSE
	EndGlobalSection
	GlobalSection(ExtensibilityGlobals) = postSolution
		SolutionGuid = {B3233A11-24FB-4EB8-AD7E-72126B39C746}
	EndGlobalSection
EndGlobal
